
Microsoft Visual Studio Solution File, Format Version 12.00
# Visual Studio Version 16
VisualStudioVersion = 16.0.29709.97
MinimumVisualStudioVersion = 10.0.40219.1
Project("{FAE04EC0-301F-11D3-BF4B-00C04F79EFBC}") = "ProductStoreAPI", "ProductStoreAPI\ProductStoreAPI.csproj", "{360E6CEB-9471-481D-A93F-2C73F06F3FE8}"
EndProject
Global
	GlobalSection(SolutionConfigurationPlatforms) = preSolution
		Debug|Any CPU = Debug|Any CPU
		Release|Any CPU = Release|Any CPU
	EndGlobalSection
	GlobalSection(ProjectConfigurationPlatforms) = postSolution
		{360E6CEB-9471-481D-A93F-2C73F06F3FE8}.Debug|Any CPU.ActiveCfg = Debug|Any CPU
		{360E6CEB-9471-481D-A93F-2C73F06F3FE8}.Debug|Any CPU.Build.0 = Debug|Any CPU
		{360E6CEB-9471-481D-A93F-2C73F06F3FE8}.Release|Any CPU.ActiveCfg = Release|Any CPU
		{360E6CEB-9471-481D-A93F-2C73F06F3FE8}.Release|Any CPU.Build.0 = Release|Any CPU
	EndGlobalSection
	GlobalSection(SolutionProperties) = preSolution
		HideSolutionNode = FALSE
	EndGlobalSection
	GlobalSection(ExtensibilityGlobals) = postSolution
		SolutionGuid = {134DCCAE-F7C5-421B-BCF0-760C61F20F2D}
	EndGlobalSection
EndGlobal
